// !$*UTF8*$!
{
	archiveVersion = 1;
	classes = {
	};
	objectVersion = 48;
	objects = {

/* Begin PBXBuildFile section */
		C81E6FFD1FE6C01E00C865B5 /* AppDelegate.swift in Sources */ = {isa = PBXBuildFile; fileRef = C81E6FFC1FE6C01E00C865B5 /* AppDelegate.swift */; };
		C81E70021FE6C01E00C865B5 /* Main.storyboard in Resources */ = {isa = PBXBuildFile; fileRef = C81E70001FE6C01E00C865B5 /* Main.storyboard */; };
		C81E70051FE6C01E00C865B5 /* DogsProject.xcdatamodeld in Sources */ = {isa = PBXBuildFile; fileRef = C81E70031FE6C01E00C865B5 /* DogsProject.xcdatamodeld */; };
		C81E70071FE6C01E00C865B5 /* Assets.xcassets in Resources */ = {isa = PBXBuildFile; fileRef = C81E70061FE6C01E00C865B5 /* Assets.xcassets */; };
		C81E700A1FE6C01E00C865B5 /* LaunchScreen.storyboard in Resources */ = {isa = PBXBuildFile; fileRef = C81E70081FE6C01E00C865B5 /* LaunchScreen.storyboard */; };
		C81E70121FE6C1B000C865B5 /* DogListCell.swift in Sources */ = {isa = PBXBuildFile; fileRef = C81E70111FE6C1B000C865B5 /* DogListCell.swift */; };
		C81E70141FE6C1CA00C865B5 /* DogsTableViewController.swift in Sources */ = {isa = PBXBuildFile; fileRef = C81E70131FE6C1CA00C865B5 /* DogsTableViewController.swift */; };
		C81E70161FE6CA1A00C865B5 /* PicsCollectionViewCell.swift in Sources */ = {isa = PBXBuildFile; fileRef = C81E70151FE6CA1A00C865B5 /* PicsCollectionViewCell.swift */; };
		C81E70181FE6CAD000C865B5 /* PicsCollectionViewController.swift in Sources */ = {isa = PBXBuildFile; fileRef = C81E70171FE6CAD000C865B5 /* PicsCollectionViewController.swift */; };
		C81E701A1FE6E5EA00C865B5 /* PicViewController.swift in Sources */ = {isa = PBXBuildFile; fileRef = C81E70191FE6E5EA00C865B5 /* PicViewController.swift */; };
		C81E701C1FE6EB3100C865B5 /* RandomViewController.swift in Sources */ = {isa = PBXBuildFile; fileRef = C81E701B1FE6EB3100C865B5 /* RandomViewController.swift */; };
		C81E70211FE82D9900C865B5 /* Photo+CoreDataClass.swift in Sources */ = {isa = PBXBuildFile; fileRef = C81E701F1FE82D9900C865B5 /* Photo+CoreDataClass.swift */; };
		C81E70221FE82D9900C865B5 /* Photo+CoreDataProperties.swift in Sources */ = {isa = PBXBuildFile; fileRef = C81E70201FE82D9900C865B5 /* Photo+CoreDataProperties.swift */; };
		C81E70261FE82FEE00C865B5 /* DBManager.swift in Sources */ = {isa = PBXBuildFile; fileRef = C81E70251FE82FEE00C865B5 /* DBManager.swift */; };
		C81E70281FE8356000C865B5 /* SavesCollectionViewController.swift in Sources */ = {isa = PBXBuildFile; fileRef = C81E70271FE8356000C865B5 /* SavesCollectionViewController.swift */; };
		C81E702A1FE8359500C865B5 /* SaveCollectionViewCell.swift in Sources */ = {isa = PBXBuildFile; fileRef = C81E70291FE8359500C865B5 /* SaveCollectionViewCell.swift */; };
		C81E702C1FED217200C865B5 /* GameCollectionViewController.swift in Sources */ = {isa = PBXBuildFile; fileRef = C81E702B1FED217200C865B5 /* GameCollectionViewController.swift */; };
		C81E702E1FED218D00C865B5 /* GameCollectionViewCell.swift in Sources */ = {isa = PBXBuildFile; fileRef = C81E702D1FED218D00C865B5 /* GameCollectionViewCell.swift */; };
		C81E70301FED2C7600C865B5 /* GameViewController.swift in Sources */ = {isa = PBXBuildFile; fileRef = C81E702F1FED2C7600C865B5 /* GameViewController.swift */; };
		C97829F320CAC28B000DDDAA /* ApiRequest.swift in Sources */ = {isa = PBXBuildFile; fileRef = C97829F220CAC28B000DDDAA /* ApiRequest.swift */; };
/* End PBXBuildFile section */

/* Begin PBXFileReference section */
		C81E6FF91FE6C01E00C865B5 /* DogsProject.app */ = {isa = PBXFileReference; explicitFileType = wrapper.application; includeInIndex = 0; path = DogsProject.app; sourceTree = BUILT_PRODUCTS_DIR; };
		C81E6FFC1FE6C01E00C865B5 /* AppDelegate.swift */ = {isa = PBXFileReference; lastKnownFileType = sourcecode.swift; path = AppDelegate.swift; sourceTree = "<group>"; };
		C81E70011FE6C01E00C865B5 /* Base */ = {isa = PBXFileReference; lastKnownFileType = file.storyboard; name = Base; path = Base.lproj/Main.storyboard; sourceTree = "<group>"; };
		C81E70041FE6C01E00C865B5 /* DogsProject.xcdatamodel */ = {isa = PBXFileReference; lastKnownFileType = wrapper.xcdatamodel; path = DogsProject.xcdatamodel; sourceTree = "<group>"; };
		C81E70061FE6C01E00C865B5 /* Assets.xcassets */ = {isa = PBXFileReference; lastKnownFileType = folder.assetcatalog; path = Assets.xcassets; sourceTree = "<group>"; };
		C81E70091FE6C01E00C865B5 /* Base */ = {isa = PBXFileReference; lastKnownFileType = file.storyboard; name = Base; path = Base.lproj/LaunchScreen.storyboard; sourceTree = "<group>"; };
		C81E700B1FE6C01E00C865B5 /* Info.plist */ = {isa = PBXFileReference; lastKnownFileType = text.plist.xml; path = Info.plist; sourceTree = "<group>"; };
		C81E70111FE6C1B000C865B5 /* DogListCell.swift */ = {isa = PBXFileReference; lastKnownFileType = sourcecode.swift; path = DogListCell.swift; sourceTree = "<group>"; };
		C81E70131FE6C1CA00C865B5 /* DogsTableViewController.swift */ = {isa = PBXFileReference; lastKnownFileType = sourcecode.swift; path = DogsTableViewController.swift; sourceTree = "<group>"; };
		C81E70151FE6CA1A00C865B5 /* PicsCollectionViewCell.swift */ = {isa = PBXFileReference; lastKnownFileType = sourcecode.swift; path = PicsCollectionViewCell.swift; sourceTree = "<group>"; };
		C81E70171FE6CAD000C865B5 /* PicsCollectionViewController.swift */ = {isa = PBXFileReference; lastKnownFileType = sourcecode.swift; path = PicsCollectionViewController.swift; sourceTree = "<group>"; };
		C81E70191FE6E5EA00C865B5 /* PicViewController.swift */ = {isa = PBXFileReference; lastKnownFileType = sourcecode.swift; path = PicViewController.swift; sourceTree = "<group>"; };
		C81E701B1FE6EB3100C865B5 /* RandomViewController.swift */ = {isa = PBXFileReference; lastKnownFileType = sourcecode.swift; path = RandomViewController.swift; sourceTree = "<group>"; };
		C81E701F1FE82D9900C865B5 /* Photo+CoreDataClass.swift */ = {isa = PBXFileReference; lastKnownFileType = sourcecode.swift; path = "Photo+CoreDataClass.swift"; sourceTree = "<group>"; };
		C81E70201FE82D9900C865B5 /* Photo+CoreDataProperties.swift */ = {isa = PBXFileReference; lastKnownFileType = sourcecode.swift; path = "Photo+CoreDataProperties.swift"; sourceTree = "<group>"; };
		C81E70251FE82FEE00C865B5 /* DBManager.swift */ = {isa = PBXFileReference; lastKnownFileType = sourcecode.swift; path = DBManager.swift; sourceTree = "<group>"; };
		C81E70271FE8356000C865B5 /* SavesCollectionViewController.swift */ = {isa = PBXFileReference; lastKnownFileType = sourcecode.swift; path = SavesCollectionViewController.swift; sourceTree = "<group>"; };
		C81E70291FE8359500C865B5 /* SaveCollectionViewCell.swift */ = {isa = PBXFileReference; lastKnownFileType = sourcecode.swift; path = SaveCollectionViewCell.swift; sourceTree = "<group>"; };
		C81E702B1FED217200C865B5 /* GameCollectionViewController.swift */ = {isa = PBXFileReference; lastKnownFileType = sourcecode.swift; path = GameCollectionViewController.swift; sourceTree = "<group>"; };
		C81E702D1FED218D00C865B5 /* GameCollectionViewCell.swift */ = {isa = PBXFileReference; lastKnownFileType = sourcecode.swift; path = GameCollectionViewCell.swift; sourceTree = "<group>"; };
		C81E702F1FED2C7600C865B5 /* GameViewController.swift */ = {isa = PBXFileReference; lastKnownFileType = sourcecode.swift; path = GameViewController.swift; sourceTree = "<group>"; };
		C97829F220CAC28B000DDDAA /* ApiRequest.swift */ = {isa = PBXFileReference; lastKnownFileType = sourcecode.swift; path = ApiRequest.swift; sourceTree = "<group>"; };
/* End PBXFileReference section */

/* Begin PBXFrameworksBuildPhase section */
		C81E6FF61FE6C01E00C865B5 /* Frameworks */ = {
			isa = PBXFrameworksBuildPhase;
			buildActionMask = 2147483647;
			files = (
			);
			runOnlyForDeploymentPostprocessing = 0;
		};
/* End PBXFrameworksBuildPhase section */

/* Begin PBXGroup section */
		C81E6FF01FE6C01E00C865B5 = {
			isa = PBXGroup;
			children = (
				C81E6FFB1FE6C01E00C865B5 /* DogsProject */,
				C81E6FFA1FE6C01E00C865B5 /* Products */,
			);
			sourceTree = "<group>";
		};
		C81E6FFA1FE6C01E00C865B5 /* Products */ = {
			isa = PBXGroup;
			children = (
				C81E6FF91FE6C01E00C865B5 /* DogsProject.app */,
			);
			name = Products;
			sourceTree = "<group>";
		};
		C81E6FFB1FE6C01E00C865B5 /* DogsProject */ = {
			isa = PBXGroup;
			children = (
				C97829F120CAC25E000DDDAA /* Model */,
				C81E701E1FE82D7B00C865B5 /* Database */,
				C81E701D1FE82D6900C865B5 /* Controller */,
				C81E6FFC1FE6C01E00C865B5 /* AppDelegate.swift */,
				C81E70001FE6C01E00C865B5 /* Main.storyboard */,
				C81E70061FE6C01E00C865B5 /* Assets.xcassets */,
				C81E70081FE6C01E00C865B5 /* LaunchScreen.storyboard */,
				C81E700B1FE6C01E00C865B5 /* Info.plist */,
			);
			path = DogsProject;
			sourceTree = "<group>";
		};
		C81E701D1FE82D6900C865B5 /* Controller */ = {
			isa = PBXGroup;
			children = (
				C81E70111FE6C1B000C865B5 /* DogListCell.swift */,
				C81E70131FE6C1CA00C865B5 /* DogsTableViewController.swift */,
				C81E70151FE6CA1A00C865B5 /* PicsCollectionViewCell.swift */,
				C81E70171FE6CAD000C865B5 /* PicsCollectionViewController.swift */,
				C81E70191FE6E5EA00C865B5 /* PicViewController.swift */,
				C81E701B1FE6EB3100C865B5 /* RandomViewController.swift */,
				C81E70271FE8356000C865B5 /* SavesCollectionViewController.swift */,
				C81E70291FE8359500C865B5 /* SaveCollectionViewCell.swift */,
				C81E702B1FED217200C865B5 /* GameCollectionViewController.swift */,
				C81E702D1FED218D00C865B5 /* GameCollectionViewCell.swift */,
				C81E702F1FED2C7600C865B5 /* GameViewController.swift */,
			);
			path = Controller;
			sourceTree = "<group>";
		};
		C81E701E1FE82D7B00C865B5 /* Database */ = {
			isa = PBXGroup;
			children = (
				C81E701F1FE82D9900C865B5 /* Photo+CoreDataClass.swift */,
				C81E70201FE82D9900C865B5 /* Photo+CoreDataProperties.swift */,
				C81E70031FE6C01E00C865B5 /* DogsProject.xcdatamodeld */,
				C81E70251FE82FEE00C865B5 /* DBManager.swift */,
			);
			path = Database;
			sourceTree = "<group>";
		};
		C97829F120CAC25E000DDDAA /* Model */ = {
			isa = PBXGroup;
			children = (
				C97829F220CAC28B000DDDAA /* ApiRequest.swift */,
			);
			path = Model;
			sourceTree = "<group>";
		};
/* End PBXGroup section */

/* Begin PBXNativeTarget section */
		C81E6FF81FE6C01E00C865B5 /* DogsProject */ = {
			isa = PBXNativeTarget;
			buildConfigurationList = C81E700E1FE6C01E00C865B5 /* Build configuration list for PBXNativeTarget "DogsProject" */;
			buildPhases = (
				C81E6FF51FE6C01E00C865B5 /* Sources */,
				C81E6FF61FE6C01E00C865B5 /* Frameworks */,
				C81E6FF71FE6C01E00C865B5 /* Resources */,
			);
			buildRules = (
			);
			dependencies = (
			);
			name = DogsProject;
			productName = DogsProject;
			productReference = C81E6FF91FE6C01E00C865B5 /* DogsProject.app */;
			productType = "com.apple.product-type.application";
		};
/* End PBXNativeTarget section */

/* Begin PBXProject section */
		C81E6FF11FE6C01E00C865B5 /* Project object */ = {
			isa = PBXProject;
			attributes = {
				LastSwiftUpdateCheck = 0910;
				LastUpgradeCheck = 0910;
				ORGANIZATIONNAME = "chen levi";
				TargetAttributes = {
					C81E6FF81FE6C01E00C865B5 = {
						CreatedOnToolsVersion = 9.1;
						ProvisioningStyle = Automatic;
					};
				};
			};
			buildConfigurationList = C81E6FF41FE6C01E00C865B5 /* Build configuration list for PBXProject "DogsProject" */;
			compatibilityVersion = "Xcode 8.0";
			developmentRegion = en;
			hasScannedForEncodings = 0;
			knownRegions = (
				en,
				Base,
			);
			mainGroup = C81E6FF01FE6C01E00C865B5;
			productRefGroup = C81E6FFA1FE6C01E00C865B5 /* Products */;
			projectDirPath = "";
			projectRoot = "";
			targets = (
				C81E6FF81FE6C01E00C865B5 /* DogsProject */,
			);
		};
/* End PBXProject section */

/* Begin PBXResourcesBuildPhase section */
		C81E6FF71FE6C01E00C865B5 /* Resources */ = {
			isa = PBXResourcesBuildPhase;
			buildActionMask = 2147483647;
			files = (
				C81E700A1FE6C01E00C865B5 /* LaunchScreen.storyboard in Resources */,
				C81E70071FE6C01E00C865B5 /* Assets.xcassets in Resources */,
				C81E70021FE6C01E00C865B5 /* Main.storyboard in Resources */,
			);
			runOnlyForDeploymentPostprocessing = 0;
		};
/* End PBXResourcesBuildPhase section */

/* Begin PBXSourcesBuildPhase section */
		C81E6FF51FE6C01E00C865B5 /* Sources */ = {
			isa = PBXSourcesBuildPhase;
			buildActionMask = 2147483647;
			files = (
				C81E70161FE6CA1A00C865B5 /* PicsCollectionViewCell.swift in Sources */,
				C81E70141FE6C1CA00C865B5 /* DogsTableViewController.swift in Sources */,
				C81E70051FE6C01E00C865B5 /* DogsProject.xcdatamodeld in Sources */,
				C81E701A1FE6E5EA00C865B5 /* PicViewController.swift in Sources */,
				C81E70181FE6CAD000C865B5 /* PicsCollectionViewController.swift in Sources */,
				C81E702A1FE8359500C865B5 /* SaveCollectionViewCell.swift in Sources */,
				C81E702C1FED217200C865B5 /* GameCollectionViewController.swift in Sources */,
				C81E701C1FE6EB3100C865B5 /* RandomViewController.swift in Sources */,
				C81E70211FE82D9900C865B5 /* Photo+CoreDataClass.swift in Sources */,
				C81E70281FE8356000C865B5 /* SavesCollectionViewController.swift in Sources */,
				C81E6FFD1FE6C01E00C865B5 /* AppDelegate.swift in Sources */,
				C81E702E1FED218D00C865B5 /* GameCollectionViewCell.swift in Sources */,
				C81E70301FED2C7600C865B5 /* GameViewController.swift in Sources */,
				C81E70221FE82D9900C865B5 /* Photo+CoreDataProperties.swift in Sources */,
				C81E70121FE6C1B000C865B5 /* DogListCell.swift in Sources */,
				C81E70261FE82FEE00C865B5 /* DBManager.swift in Sources */,
				C97829F320CAC28B000DDDAA /* ApiRequest.swift in Sources */,
			);
			runOnlyForDeploymentPostprocessing = 0;
		};
/* End PBXSourcesBuildPhase section */

/* Begin PBXVariantGroup section */
		C81E70001FE6C01E00C865B5 /* Main.storyboard */ = {
			isa = PBXVariantGroup;
			children = (
				C81E70011FE6C01E00C865B5 /* Base */,
			);
			name = Main.storyboard;
			sourceTree = "<group>";
		};
		C81E70081FE6C01E00C865B5 /* LaunchScreen.storyboard */ = {
			isa = PBXVariantGroup;
			children = (
				C81E70091FE6C01E00C865B5 /* Base */,
			);
			name = LaunchScreen.storyboard;
			sourceTree = "<group>";
		};
/* End PBXVariantGroup section */

/* Begin XCBuildConfiguration section */
		C81E700C1FE6C01E00C865B5 /* Debug */ = {
			isa = XCBuildConfiguration;
			buildSettings = {
				ALWAYS_SEARCH_USER_PATHS = NO;
				CLANG_ANALYZER_NONNULL = YES;
				CLANG_ANALYZER_NUMBER_OBJECT_CONVERSION = YES_AGGRESSIVE;
				CLANG_CXX_LANGUAGE_STANDARD = "gnu++14";
				CLANG_CXX_LIBRARY = "libc++";
				CLANG_ENABLE_MODULES = YES;
				CLANG_ENABLE_OBJC_ARC = YES;
				CLANG_WARN_BLOCK_CAPTURE_AUTORELEASING = YES;
				CLANG_WARN_BOOL_CONVERSION = YES;
				CLANG_WARN_COMMA = YES;
				CLANG_WARN_CONSTANT_CONVERSION = YES;
				CLANG_WARN_DIRECT_OBJC_ISA_USAGE = YES_ERROR;
				CLANG_WARN_DOCUMENTATION_COMMENTS = YES;
				CLANG_WARN_EMPTY_BODY = YES;
				CLANG_WARN_ENUM_CONVERSION = YES;
				CLANG_WARN_INFINITE_RECURSION = YES;
				CLANG_WARN_INT_CONVERSION = YES;
				CLANG_WARN_NON_LITERAL_NULL_CONVERSION = YES;
				CLANG_WARN_OBJC_LITERAL_CONVERSION = YES;
				CLANG_WARN_OBJC_ROOT_CLASS = YES_ERROR;
				CLANG_WARN_RANGE_LOOP_ANALYSIS = YES;
				CLANG_WARN_STRICT_PROTOTYPES = YES;
				CLANG_WARN_SUSPICIOUS_MOVE = YES;
				CLANG_WARN_UNGUARDED_AVAILABILITY = YES_AGGRESSIVE;
				CLANG_WARN_UNREACHABLE_CODE = YES;
				CLANG_WARN__DUPLICATE_METHOD_MATCH = YES;
				CODE_SIGN_IDENTITY = "iPhone Developer";
				COPY_PHASE_STRIP = NO;
				DEBUG_INFORMATION_FORMAT = dwarf;
				ENABLE_STRICT_OBJC_MSGSEND = YES;
				ENABLE_TESTABILITY = YES;
				GCC_C_LANGUAGE_STANDARD = gnu11;
				GCC_DYNAMIC_NO_PIC = NO;
				GCC_NO_COMMON_BLOCKS = YES;
				GCC_OPTIMIZATION_LEVEL = 0;
				GCC_PREPROCESSOR_DEFINITIONS = (
					"DEBUG=1",
					"$(inherited)",
				);
				GCC_WARN_64_TO_32_BIT_CONVERSION = YES;
				GCC_WARN_ABOUT_RETURN_TYPE = YES_ERROR;
				GCC_WARN_UNDECLARED_SELECTOR = YES;
				GCC_WARN_UNINITIALIZED_AUTOS = YES_AGGRESSIVE;
				GCC_WARN_UNUSED_FUNCTION = YES;
				GCC_WARN_UNUSED_VARIABLE = YES;
				IPHONEOS_DEPLOYMENT_TARGET = 11.1;
				MTL_ENABLE_DEBUG_INFO = YES;
				ONLY_ACTIVE_ARCH = YES;
				SDKROOT = iphoneos;
				SWIFT_ACTIVE_COMPILATION_CONDITIONS = DEBUG;
				SWIFT_OPTIMIZATION_LEVEL = "-Onone";
			};
			name = Debug;
		};
		C81E700D1FE6C01E00C865B5 /* Release */ = {
			isa = XCBuildConfiguration;
			buildSettings = {
				ALWAYS_SEARCH_USER_PATHS = NO;
				CLANG_ANALYZER_NONNULL = YES;
				CLANG_ANALYZER_NUMBER_OBJECT_CONVERSION = YES_AGGRESSIVE;
				CLANG_CXX_LANGUAGE_STANDARD = "gnu++14";
				CLANG_CXX_LIBRARY = "libc++";
				CLANG_ENABLE_MODULES = YES;
				CLANG_ENABLE_OBJC_ARC = YES;
				CLANG_WARN_BLOCK_CAPTURE_AUTORELEASING = YES;
				CLANG_WARN_BOOL_CONVERSION = YES;
				CLANG_WARN_COMMA = YES;
				CLANG_WARN_CONSTANT_CONVERSION = YES;
				CLANG_WARN_DIRECT_OBJC_ISA_USAGE = YES_ERROR;
				CLANG_WARN_DOCUMENTATION_COMMENTS = YES;
				CLANG_WARN_EMPTY_BODY = YES;
				CLANG_WARN_ENUM_CONVERSION = YES;
				CLANG_WARN_INFINITE_RECURSION = YES;
				CLANG_WARN_INT_CONVERSION = YES;
				CLANG_WARN_NON_LITERAL_NULL_CONVERSION = YES;
				CLANG_WARN_OBJC_LITERAL_CONVERSION = YES;
				CLANG_WARN_OBJC_ROOT_CLASS = YES_ERROR;
				CLANG_WARN_RANGE_LOOP_ANALYSIS = YES;
				CLANG_WARN_STRICT_PROTOTYPES = YES;
				CLANG_WARN_SUSPICIOUS_MOVE = YES;
				CLANG_WARN_UNGUARDED_AVAILABILITY = YES_AGGRESSIVE;
				CLANG_WARN_UNREACHABLE_CODE = YES;
				CLANG_WARN__DUPLICATE_METHOD_MATCH = YES;
				CODE_SIGN_IDENTITY = "iPhone Developer";
				COPY_PHASE_STRIP = NO;
				DEBUG_INFORMATION_FORMAT = "dwarf-with-dsym";
				ENABLE_NS_ASSERTIONS = NO;
				ENABLE_STRICT_OBJC_MSGSEND = YES;
				GCC_C_LANGUAGE_STANDARD = gnu11;
				GCC_NO_COMMON_BLOCKS = YES;
				GCC_WARN_64_TO_32_BIT_CONVERSION = YES;
				GCC_WARN_ABOUT_RETURN_TYPE = YES_ERROR;
				GCC_WARN_UNDECLARED_SELECTOR = YES;
				GCC_WARN_UNINITIALIZED_AUTOS = YES_AGGRESSIVE;
				GCC_WARN_UNUSED_FUNCTION = YES;
				GCC_WARN_UNUSED_VARIABLE = YES;
				IPHONEOS_DEPLOYMENT_TARGET = 11.1;
				MTL_ENABLE_DEBUG_INFO = NO;
				SDKROOT = iphoneos;
				SWIFT_OPTIMIZATION_LEVEL = "-Owholemodule";
				VALIDATE_PRODUCT = YES;
			};
			name = Release;
		};
		C81E700F1FE6C01E00C865B5 /* Debug */ = {
			isa = XCBuildConfiguration;
			buildSettings = {
				ASSETCATALOG_COMPILER_APPICON_NAME = AppIcon;
				CODE_SIGN_STYLE = Automatic;
				DEVELOPMENT_TEAM = DMCYMXXDG8;
				INFOPLIST_FILE = DogsProject/Info.plist;
				LD_RUNPATH_SEARCH_PATHS = "$(inherited) @executable_path/Frameworks";
				PRODUCT_BUNDLE_IDENTIFIER = levi.chen.DogsProject;
				PRODUCT_NAME = "$(TARGET_NAME)";
				SWIFT_VERSION = 4.0;
				TARGETED_DEVICE_FAMILY = "1,2";
			};
			name = Debug;
		};
		C81E70101FE6C01E00C865B5 /* Release */ = {
			isa = XCBuildConfiguration;
			buildSettings = {
				ASSETCATALOG_COMPILER_APPICON_NAME = AppIcon;
				CODE_SIGN_STYLE = Automatic;
				DEVELOPMENT_TEAM = DMCYMXXDG8;
				INFOPLIST_FILE = DogsProject/Info.plist;
				LD_RUNPATH_SEARCH_PATHS = "$(inherited) @executable_path/Frameworks";
				PRODUCT_BUNDLE_IDENTIFIER = levi.chen.DogsProject;
				PRODUCT_NAME = "$(TARGET_NAME)";
				SWIFT_VERSION = 4.0;
				TARGETED_DEVICE_FAMILY = "1,2";
			};
			name = Release;
		};
/* End XCBuildConfiguration section */

/* Begin XCConfigurationList section */
		C81E6FF41FE6C01E00C865B5 /* Build configuration list for PBXProject "DogsProject" */ = {
			isa = XCConfigurationList;
			buildConfigurations = (
				C81E700C1FE6C01E00C865B5 /* Debug */,
				C81E700D1FE6C01E00C865B5 /* Release */,
			);
			defaultConfigurationIsVisible = 0;
			defaultConfigurationName = Release;
		};
		C81E700E1FE6C01E00C865B5 /* Build configuration list for PBXNativeTarget "DogsProject" */ = {
			isa = XCConfigurationList;
			buildConfigurations = (
				C81E700F1FE6C01E00C865B5 /* Debug */,
				C81E70101FE6C01E00C865B5 /* Release */,
			);
			defaultConfigurationIsVisible = 0;
			defaultConfigurationName = Release;
		};
/* End XCConfigurationList section */

/* Begin XCVersionGroup section */
		C81E70031FE6C01E00C865B5 /* DogsProject.xcdatamodeld */ = {
			isa = XCVersionGroup;
			children = (
				C81E70041FE6C01E00C865B5 /* DogsProject.xcdatamodel */,
			);
			currentVersion = C81E70041FE6C01E00C865B5 /* DogsProject.xcdatamodel */;
			path = DogsProject.xcdatamodeld;
			sourceTree = "<group>";
			versionGroupType = wrapper.xcdatamodel;
		};
/* End XCVersionGroup section */
	};
	rootObject = C81E6FF11FE6C01E00C865B5 /* Project object */;
}
